
Microsoft Visual Studio Solution File, Format Version 12.00
# Visual Studio 15
VisualStudioVersion = 15.0.27130.2036
MinimumVisualStudioVersion = 10.0.40219.1
Project("{FAE04EC0-301F-11D3-BF4B-00C04F79EFBC}") = "PhotoIdentifier", "PhotoIdentifier\PhotoIdentifier.csproj", "{1E9EA440-B4AE-442C-955A-501F13D11B9B}"
EndProject
Project("{FAE04EC0-301F-11D3-BF4B-00C04F79EFBC}") = "PhotosFinder", "PhotosFinder\PhotosFinder.csproj", "{DED9BBD5-6685-4B0C-98BA-728BD99BCAD1}"
EndProject
Project("{2150E333-8FDC-42A3-9474-1A3956D46DE8}") = "Solution Items", "Solution Items", "{8E78CF77-C5F1-4E0D-B04B-0378F5180759}"
EndProject
Global
	GlobalSection(SolutionConfigurationPlatforms) = preSolution
		Debug|Any CPU = Debug|Any CPU
		Debug|x86 = Debug|x86
		Release|Any CPU = Release|Any CPU
		Release|x86 = Release|x86
	EndGlobalSection
	GlobalSection(ProjectConfigurationPlatforms) = postSolution
		{1E9EA440-B4AE-442C-955A-501F13D11B9B}.Debug|Any CPU.ActiveCfg = Debug|Any CPU
		{1E9EA440-B4AE-442C-955A-501F13D11B9B}.Debug|Any CPU.Build.0 = Debug|Any CPU
		{1E9EA440-B4AE-442C-955A-501F13D11B9B}.Debug|x86.ActiveCfg = Debug|x86
		{1E9EA440-B4AE-442C-955A-501F13D11B9B}.Debug|x86.Build.0 = Debug|x86
		{1E9EA440-B4AE-442C-955A-501F13D11B9B}.Release|Any CPU.ActiveCfg = Release|Any CPU
		{1E9EA440-B4AE-442C-955A-501F13D11B9B}.Release|Any CPU.Build.0 = Release|Any CPU
		{1E9EA440-B4AE-442C-955A-501F13D11B9B}.Release|x86.ActiveCfg = Release|x86
		{1E9EA440-B4AE-442C-955A-501F13D11B9B}.Release|x86.Build.0 = Release|x86
		{DED9BBD5-6685-4B0C-98BA-728BD99BCAD1}.Debug|Any CPU.ActiveCfg = Debug|Any CPU
		{DED9BBD5-6685-4B0C-98BA-728BD99BCAD1}.Debug|Any CPU.Build.0 = Debug|Any CPU
		{DED9BBD5-6685-4B0C-98BA-728BD99BCAD1}.Debug|x86.ActiveCfg = Debug|x86
		{DED9BBD5-6685-4B0C-98BA-728BD99BCAD1}.Debug|x86.Build.0 = Debug|x86
		{DED9BBD5-6685-4B0C-98BA-728BD99BCAD1}.Release|Any CPU.ActiveCfg = Release|Any CPU
		{DED9BBD5-6685-4B0C-98BA-728BD99BCAD1}.Release|Any CPU.Build.0 = Release|Any CPU
		{DED9BBD5-6685-4B0C-98BA-728BD99BCAD1}.Release|x86.ActiveCfg = Release|x86
		{DED9BBD5-6685-4B0C-98BA-728BD99BCAD1}.Release|x86.Build.0 = Release|x86
	EndGlobalSection
	GlobalSection(SolutionProperties) = preSolution
		HideSolutionNode = FALSE
	EndGlobalSection
	GlobalSection(ExtensibilityGlobals) = postSolution
		SolutionGuid = {6F906E10-E3D4-4D5D-B9D9-314764053DE5}
	EndGlobalSection
EndGlobal
