
Microsoft Visual Studio Solution File, Format Version 12.00
# Visual Studio 15
VisualStudioVersion = 15.0.26730.16
MinimumVisualStudioVersion = 10.0.40219.1
Project("{FAE04EC0-301F-11D3-BF4B-00C04F79EFBC}") = "PhotoIdentifier", "PhotoIdentifier\PhotoIdentifier.csproj", "{1E9EA440-B4AE-442C-955A-501F13D11B9B}"
EndProject
Project("{FAE04EC0-301F-11D3-BF4B-00C04F79EFBC}") = "PhotosFinder", "PhotosFinder\PhotosFinder.csproj", "{DED9BBD5-6685-4B0C-98BA-728BD99BCAD1}"
EndProject
Global
	GlobalSection(SolutionConfigurationPlatforms) = preSolution
		Debug|Any CPU = Debug|Any CPU
		Release|Any CPU = Release|Any CPU
	EndGlobalSection
	GlobalSection(ProjectConfigurationPlatforms) = postSolution
		{1E9EA440-B4AE-442C-955A-501F13D11B9B}.Debug|Any CPU.ActiveCfg = Debug|Any CPU
		{1E9EA440-B4AE-442C-955A-501F13D11B9B}.Debug|Any CPU.Build.0 = Debug|Any CPU
		{1E9EA440-B4AE-442C-955A-501F13D11B9B}.Release|Any CPU.ActiveCfg = Release|Any CPU
		{1E9EA440-B4AE-442C-955A-501F13D11B9B}.Release|Any CPU.Build.0 = Release|Any CPU
		{DED9BBD5-6685-4B0C-98BA-728BD99BCAD1}.Debug|Any CPU.ActiveCfg = Debug|Any CPU
		{DED9BBD5-6685-4B0C-98BA-728BD99BCAD1}.Debug|Any CPU.Build.0 = Debug|Any CPU
		{DED9BBD5-6685-4B0C-98BA-728BD99BCAD1}.Release|Any CPU.ActiveCfg = Release|Any CPU
		{DED9BBD5-6685-4B0C-98BA-728BD99BCAD1}.Release|Any CPU.Build.0 = Release|Any CPU
	EndGlobalSection
	GlobalSection(SolutionProperties) = preSolution
		HideSolutionNode = FALSE
	EndGlobalSection
	GlobalSection(ExtensibilityGlobals) = postSolution
		SolutionGuid = {6F906E10-E3D4-4D5D-B9D9-314764053DE5}
	EndGlobalSection
EndGlobal
